Microsoft Visual Studio Solution File, Format Version 12.00
# Visual Studio Version 17
VisualStudioVersion = 17.5.2.0
MinimumVisualStudioVersion = 10.0.40219.1
Project("{FAE04EC0-301F-11D3-BF4B-00C04F79EFBC}") = "DotBox.Server", "DotBox.Server.csproj", "{BCD72BFE-9264-8D9D-F067-E021C762C19D}"
EndProject
Global
	GlobalSection(SolutionConfigurationPlatforms) = preSolution
		Debug|Any CPU = Debug|Any CPU
		Release|Any CPU = Release|Any CPU
	EndGlobalSection
	GlobalSection(ProjectConfigurationPlatforms) = postSolution
		{BCD72BFE-9264-8D9D-F067-E021C762C19D}.Debug|Any CPU.ActiveCfg = Debug|Any CPU
		{BCD72BFE-9264-8D9D-F067-E021C762C19D}.Debug|Any CPU.Build.0 = Debug|Any CPU
		{BCD72BFE-9264-8D9D-F067-E021C762C19D}.Release|Any CPU.ActiveCfg = Release|Any CPU
		{BCD72BFE-9264-8D9D-F067-E021C762C19D}.Release|Any CPU.Build.0 = Release|Any CPU
	EndGlobalSection
	GlobalSection(SolutionProperties) = preSolution
		HideSolutionNode = FALSE
	EndGlobalSection
	GlobalSection(ExtensibilityGlobals) = postSolution
		SolutionGuid = {E4DF073B-A887-4304-BC75-FA18CB75CA4B}
	EndGlobalSection
EndGlobal
